
Microsoft Visual Studio Solution File, Format Version 12.00
Project("{FAE04EC0-301F-11D3-BF4B-00C04F79EFBC}") = "TestEnviroment", "TestEnviroment\TestEnviroment.csproj", "{1B374199-29BF-4DF7-A696-624CA2ED9151}"
EndProject
Project("{FAE04EC0-301F-11D3-BF4B-00C04F79EFBC}") = "CoffeeEngine", "CoffeeEngine\CoffeeEngine.csproj", "{901BEFDC-BBAF-4549-9774-1C3B10C1B58A}"
EndProject
Global
	GlobalSection(SolutionConfigurationPlatforms) = preSolution
		Debug|Any CPU = Debug|Any CPU
		Release|Any CPU = Release|Any CPU
	EndGlobalSection
	GlobalSection(ProjectConfigurationPlatforms) = postSolution
		{1B374199-29BF-4DF7-A696-624CA2ED9151}.Debug|Any CPU.ActiveCfg = Debug|Any CPU
		{1B374199-29BF-4DF7-A696-624CA2ED9151}.Debug|Any CPU.Build.0 = Debug|Any CPU
		{1B374199-29BF-4DF7-A696-624CA2ED9151}.Release|Any CPU.ActiveCfg = Release|Any CPU
		{1B374199-29BF-4DF7-A696-624CA2ED9151}.Release|Any CPU.Build.0 = Release|Any CPU
		{901BEFDC-BBAF-4549-9774-1C3B10C1B58A}.Debug|Any CPU.ActiveCfg = Debug|Any CPU
		{901BEFDC-BBAF-4549-9774-1C3B10C1B58A}.Debug|Any CPU.Build.0 = Debug|Any CPU
		{901BEFDC-BBAF-4549-9774-1C3B10C1B58A}.Release|Any CPU.ActiveCfg = Release|Any CPU
		{901BEFDC-BBAF-4549-9774-1C3B10C1B58A}.Release|Any CPU.Build.0 = Release|Any CPU
	EndGlobalSection
EndGlobal
